{
  "name": "crosswords",
  "version": "0.1.0",
  "lockfileVersion": 1,
  "requires": true,
  "dependencies": {
    "bs-platform": {
      "version": "2.2.1",
      "resolved": "https://registry.npmjs.org/bs-platform/-/bs-platform-2.2.1.tgz",
      "integrity": "sha1-4iuCFDpDoQYw17IECquHZIsSGQw=",
      "dev": true
    },
    "immutable-re": {
      "version": "0.0.15",
      "resolved": "https://registry.npmjs.org/immutable-re/-/immutable-re-0.0.15.tgz",
      "integrity": "sha1-Vqma12R5pf/T/M7BPsK4U9HrzjE=",
      "requires": {
        "bs-platform": "1.10.3"
      },
      "dependencies": {
        "bs-platform": {
          "version": "1.10.3",
          "resolved": "https://registry.npmjs.org/bs-platform/-/bs-platform-1.10.3.tgz",
          "integrity": "sha1-2lqrouBQf1+FpfZigYt/hzQVb4Q="
        }
      }
    }
  }
}
